
Microsoft Visual Studio Solution File, Format Version 12.00
# Visual Studio 2012
Project("{FAE04EC0-301F-11D3-BF4B-00C04F79EFBC}") = "LCS", "LCS\LCS.csproj", "{1F0FFBE0-050F-472D-B07D-D60242CE7564}"
EndProject
Project("{2150E333-8FDC-42A3-9474-1A3956D46DE8}") = "Solution Items", "Solution Items", "{321D7E69-1864-4C1D-AE18-86B78C655CD5}"
EndProject
Global
	GlobalSection(SolutionConfigurationPlatforms) = preSolution
		Debug|Any CPU = Debug|Any CPU
		Release|Any CPU = Release|Any CPU
	EndGlobalSection
	GlobalSection(ProjectConfigurationPlatforms) = postSolution
		{1F0FFBE0-050F-472D-B07D-D60242CE7564}.Debug|Any CPU.ActiveCfg = Debug|Any CPU
		{1F0FFBE0-050F-472D-B07D-D60242CE7564}.Debug|Any CPU.Build.0 = Debug|Any CPU
		{1F0FFBE0-050F-472D-B07D-D60242CE7564}.Release|Any CPU.ActiveCfg = Release|Any CPU
		{1F0FFBE0-050F-472D-B07D-D60242CE7564}.Release|Any CPU.Build.0 = Release|Any CPU
	EndGlobalSection
	GlobalSection(SolutionProperties) = preSolution
		HideSolutionNode = FALSE
	EndGlobalSection
EndGlobal
