
Microsoft Visual Studio Solution File, Format Version 12.00
# Visual Studio 2012
Project("{FAE04EC0-301F-11D3-BF4B-00C04F79EFBC}") = "LRUCache", "LRUCache\LRUCache.csproj", "{684974C2-D809-471C-BE5A-EB2AFA95B78A}"
EndProject
Global
	GlobalSection(SolutionConfigurationPlatforms) = preSolution
		Debug|Any CPU = Debug|Any CPU
		Release|Any CPU = Release|Any CPU
	EndGlobalSection
	GlobalSection(ProjectConfigurationPlatforms) = postSolution
		{684974C2-D809-471C-BE5A-EB2AFA95B78A}.Debug|Any CPU.ActiveCfg = Debug|Any CPU
		{684974C2-D809-471C-BE5A-EB2AFA95B78A}.Debug|Any CPU.Build.0 = Debug|Any CPU
		{684974C2-D809-471C-BE5A-EB2AFA95B78A}.Release|Any CPU.ActiveCfg = Release|Any CPU
		{684974C2-D809-471C-BE5A-EB2AFA95B78A}.Release|Any CPU.Build.0 = Release|Any CPU
	EndGlobalSection
	GlobalSection(SolutionProperties) = preSolution
		HideSolutionNode = FALSE
	EndGlobalSection
EndGlobal
